// !$*UTF8*$!
{
	archiveVersion = 1;
	classes = {
	};
	objectVersion = 46;
	objects = {

/* Begin PBXBuildFile section */
		52649E991C4BAF1F009FE414 /* AppDelegate.swift in Sources */ = {isa = PBXBuildFile; fileRef = 52649E981C4BAF1F009FE414 /* AppDelegate.swift */; };
		52649E9E1C4BAF1F009FE414 /* Main.storyboard in Resources */ = {isa = PBXBuildFile; fileRef = 52649E9C1C4BAF1F009FE414 /* Main.storyboard */; };
		52649EA01C4BAF1F009FE414 /* Assets.xcassets in Resources */ = {isa = PBXBuildFile; fileRef = 52649E9F1C4BAF1F009FE414 /* Assets.xcassets */; };
		52649EA31C4BAF1F009FE414 /* LaunchScreen.storyboard in Resources */ = {isa = PBXBuildFile; fileRef = 52649EA11C4BAF1F009FE414 /* LaunchScreen.storyboard */; };
		52649EAB1C4BAFCA009FE414 /* RestaurantTableViewController.swift in Sources */ = {isa = PBXBuildFile; fileRef = 52649EAA1C4BAFCA009FE414 /* RestaurantTableViewController.swift */; };
		52649EAD1C4BB64E009FE414 /* RestaurantTableViewCell.swift in Sources */ = {isa = PBXBuildFile; fileRef = 52649EAC1C4BB64E009FE414 /* RestaurantTableViewCell.swift */; };
		52921D251C4BE0DB004054DF /* RestaurantDetailViewController.swift in Sources */ = {isa = PBXBuildFile; fileRef = 52921D241C4BE0DB004054DF /* RestaurantDetailViewController.swift */; };
		52921D271C4BE64D004054DF /* Restaurant.swift in Sources */ = {isa = PBXBuildFile; fileRef = 52921D261C4BE64D004054DF /* Restaurant.swift */; };
		52921D291C4BF4AD004054DF /* RestaurantDetailTableViewCell.swift in Sources */ = {isa = PBXBuildFile; fileRef = 52921D281C4BF4AD004054DF /* RestaurantDetailTableViewCell.swift */; };
		52921D2D1C4C0F01004054DF /* ReviewViewController.swift in Sources */ = {isa = PBXBuildFile; fileRef = 52921D2C1C4C0F01004054DF /* ReviewViewController.swift */; };
		52921D2F1C4C191F004054DF /* MapKit.framework in Frameworks */ = {isa = PBXBuildFile; fileRef = 52921D2E1C4C191F004054DF /* MapKit.framework */; };
		52921D331C4C1CE9004054DF /* MapViewController.swift in Sources */ = {isa = PBXBuildFile; fileRef = 52921D321C4C1CE9004054DF /* MapViewController.swift */; };
		52921D351C4C297D004054DF /* AddRestaurantController.swift in Sources */ = {isa = PBXBuildFile; fileRef = 52921D341C4C297D004054DF /* AddRestaurantController.swift */; };
		52921D381C4C3D1A004054DF /* FoodPin.xcdatamodeld in Sources */ = {isa = PBXBuildFile; fileRef = 52921D361C4C3D1A004054DF /* FoodPin.xcdatamodeld */; };
		52921D3A1C4D5B82004054DF /* WalkthroughContentViewController.swift in Sources */ = {isa = PBXBuildFile; fileRef = 52921D391C4D5B82004054DF /* WalkthroughContentViewController.swift */; };
		52921D3C1C4D5D72004054DF /* WalkthroughPageViewController.swift in Sources */ = {isa = PBXBuildFile; fileRef = 52921D3B1C4D5D72004054DF /* WalkthroughPageViewController.swift */; };
/* End PBXBuildFile section */

/* Begin PBXFileReference section */
		52649E951C4BAF1F009FE414 /* FoodPin.app */ = {isa = PBXFileReference; explicitFileType = wrapper.application; includeInIndex = 0; path = FoodPin.app; sourceTree = BUILT_PRODUCTS_DIR; };
		52649E981C4BAF1F009FE414 /* AppDelegate.swift */ = {isa = PBXFileReference; lastKnownFileType = sourcecode.swift; path = AppDelegate.swift; sourceTree = "<group>"; };
		52649E9D1C4BAF1F009FE414 /* Base */ = {isa = PBXFileReference; lastKnownFileType = file.storyboard; name = Base; path = Base.lproj/Main.storyboard; sourceTree = "<group>"; };
		52649E9F1C4BAF1F009FE414 /* Assets.xcassets */ = {isa = PBXFileReference; lastKnownFileType = folder.assetcatalog; path = Assets.xcassets; sourceTree = "<group>"; };
		52649EA21C4BAF1F009FE414 /* Base */ = {isa = PBXFileReference; lastKnownFileType = file.storyboard; name = Base; path = Base.lproj/LaunchScreen.storyboard; sourceTree = "<group>"; };
		52649EA41C4BAF1F009FE414 /* Info.plist */ = {isa = PBXFileReference; lastKnownFileType = text.plist.xml; path = Info.plist; sourceTree = "<group>"; };
		52649EAA1C4BAFCA009FE414 /* RestaurantTableViewController.swift */ = {isa = PBXFileReference; fileEncoding = 4; lastKnownFileType = sourcecode.swift; path = RestaurantTableViewController.swift; sourceTree = "<group>"; };
		52649EAC1C4BB64E009FE414 /* RestaurantTableViewCell.swift */ = {isa = PBXFileReference; fileEncoding = 4; lastKnownFileType = sourcecode.swift; path = RestaurantTableViewCell.swift; sourceTree = "<group>"; };
		52921D241C4BE0DB004054DF /* RestaurantDetailViewController.swift */ = {isa = PBXFileReference; fileEncoding = 4; lastKnownFileType = sourcecode.swift; path = RestaurantDetailViewController.swift; sourceTree = "<group>"; };
		52921D261C4BE64D004054DF /* Restaurant.swift */ = {isa = PBXFileReference; fileEncoding = 4; lastKnownFileType = sourcecode.swift; path = Restaurant.swift; sourceTree = "<group>"; };
		52921D281C4BF4AD004054DF /* RestaurantDetailTableViewCell.swift */ = {isa = PBXFileReference; fileEncoding = 4; lastKnownFileType = sourcecode.swift; path = RestaurantDetailTableViewCell.swift; sourceTree = "<group>"; };
		52921D2C1C4C0F01004054DF /* ReviewViewController.swift */ = {isa = PBXFileReference; fileEncoding = 4; lastKnownFileType = sourcecode.swift; path = ReviewViewController.swift; sourceTree = "<group>"; };
		52921D2E1C4C191F004054DF /* MapKit.framework */ = {isa = PBXFileReference; lastKnownFileType = wrapper.framework; name = MapKit.framework; path = System/Library/Frameworks/MapKit.framework; sourceTree = SDKROOT; };
		52921D321C4C1CE9004054DF /* MapViewController.swift */ = {isa = PBXFileReference; fileEncoding = 4; lastKnownFileType = sourcecode.swift; path = MapViewController.swift; sourceTree = "<group>"; };
		52921D341C4C297D004054DF /* AddRestaurantController.swift */ = {isa = PBXFileReference; fileEncoding = 4; lastKnownFileType = sourcecode.swift; path = AddRestaurantController.swift; sourceTree = "<group>"; };
		52921D371C4C3D1A004054DF /* FoodPin.xcdatamodel */ = {isa = PBXFileReference; lastKnownFileType = wrapper.xcdatamodel; path = FoodPin.xcdatamodel; sourceTree = "<group>"; };
		52921D391C4D5B82004054DF /* WalkthroughContentViewController.swift */ = {isa = PBXFileReference; fileEncoding = 4; lastKnownFileType = sourcecode.swift; path = WalkthroughContentViewController.swift; sourceTree = "<group>"; };
		52921D3B1C4D5D72004054DF /* WalkthroughPageViewController.swift */ = {isa = PBXFileReference; fileEncoding = 4; lastKnownFileType = sourcecode.swift; path = WalkthroughPageViewController.swift; sourceTree = "<group>"; };
/* End PBXFileReference section */

/* Begin PBXFrameworksBuildPhase section */
		52649E921C4BAF1F009FE414 /* Frameworks */ = {
			isa = PBXFrameworksBuildPhase;
			buildActionMask = 2147483647;
			files = (
				52921D2F1C4C191F004054DF /* MapKit.framework in Frameworks */,
			);
			runOnlyForDeploymentPostprocessing = 0;
		};
/* End PBXFrameworksBuildPhase section */

/* Begin PBXGroup section */
		52649E8C1C4BAF1F009FE414 = {
			isa = PBXGroup;
			children = (
				52921D2E1C4C191F004054DF /* MapKit.framework */,
				52649E971C4BAF1F009FE414 /* FoodPin */,
				52649E961C4BAF1F009FE414 /* Products */,
			);
			sourceTree = "<group>";
		};
		52649E961C4BAF1F009FE414 /* Products */ = {
			isa = PBXGroup;
			children = (
				52649E951C4BAF1F009FE414 /* FoodPin.app */,
			);
			name = Products;
			sourceTree = "<group>";
		};
		52649E971C4BAF1F009FE414 /* FoodPin */ = {
			isa = PBXGroup;
			children = (
				52649E981C4BAF1F009FE414 /* AppDelegate.swift */,
				52649E9C1C4BAF1F009FE414 /* Main.storyboard */,
				52649E9F1C4BAF1F009FE414 /* Assets.xcassets */,
				52649EA11C4BAF1F009FE414 /* LaunchScreen.storyboard */,
				52649EA41C4BAF1F009FE414 /* Info.plist */,
				52649EAA1C4BAFCA009FE414 /* RestaurantTableViewController.swift */,
				52649EAC1C4BB64E009FE414 /* RestaurantTableViewCell.swift */,
				52921D241C4BE0DB004054DF /* RestaurantDetailViewController.swift */,
				52921D261C4BE64D004054DF /* Restaurant.swift */,
				52921D281C4BF4AD004054DF /* RestaurantDetailTableViewCell.swift */,
				52921D2C1C4C0F01004054DF /* ReviewViewController.swift */,
				52921D321C4C1CE9004054DF /* MapViewController.swift */,
				52921D341C4C297D004054DF /* AddRestaurantController.swift */,
				52921D361C4C3D1A004054DF /* FoodPin.xcdatamodeld */,
				52921D391C4D5B82004054DF /* WalkthroughContentViewController.swift */,
				52921D3B1C4D5D72004054DF /* WalkthroughPageViewController.swift */,
			);
			path = FoodPin;
			sourceTree = "<group>";
		};
/* End PBXGroup section */

/* Begin PBXNativeTarget section */
		52649E941C4BAF1F009FE414 /* FoodPin */ = {
			isa = PBXNativeTarget;
			buildConfigurationList = 52649EA71C4BAF1F009FE414 /* Build configuration list for PBXNativeTarget "FoodPin" */;
			buildPhases = (
				52649E911C4BAF1F009FE414 /* Sources */,
				52649E921C4BAF1F009FE414 /* Frameworks */,
				52649E931C4BAF1F009FE414 /* Resources */,
			);
			buildRules = (
			);
			dependencies = (
			);
			name = FoodPin;
			productName = FoodPin;
			productReference = 52649E951C4BAF1F009FE414 /* FoodPin.app */;
			productType = "com.apple.product-type.application";
		};
/* End PBXNativeTarget section */

/* Begin PBXProject section */
		52649E8D1C4BAF1F009FE414 /* Project object */ = {
			isa = PBXProject;
			attributes = {
				LastSwiftUpdateCheck = 0720;
				LastUpgradeCheck = 0720;
				ORGANIZATIONNAME = "Diogo Painho";
				TargetAttributes = {
					52649E941C4BAF1F009FE414 = {
						CreatedOnToolsVersion = 7.2;
						SystemCapabilities = {
							com.apple.Maps.iOS = {
								enabled = 1;
							};
						};
					};
				};
			};
			buildConfigurationList = 52649E901C4BAF1F009FE414 /* Build configuration list for PBXProject "FoodPin" */;
			compatibilityVersion = "Xcode 3.2";
			developmentRegion = English;
			hasScannedForEncodings = 0;
			knownRegions = (
				en,
				Base,
			);
			mainGroup = 52649E8C1C4BAF1F009FE414;
			productRefGroup = 52649E961C4BAF1F009FE414 /* Products */;
			projectDirPath = "";
			projectRoot = "";
			targets = (
				52649E941C4BAF1F009FE414 /* FoodPin */,
			);
		};
/* End PBXProject section */

/* Begin PBXResourcesBuildPhase section */
		52649E931C4BAF1F009FE414 /* Resources */ = {
			isa = PBXResourcesBuildPhase;
			buildActionMask = 2147483647;
			files = (
				52649EA31C4BAF1F009FE414 /* LaunchScreen.storyboard in Resources */,
				52649EA01C4BAF1F009FE414 /* Assets.xcassets in Resources */,
				52649E9E1C4BAF1F009FE414 /* Main.storyboard in Resources */,
			);
			runOnlyForDeploymentPostprocessing = 0;
		};
/* End PBXResourcesBuildPhase section */

/* Begin PBXSourcesBuildPhase section */
		52649E911C4BAF1F009FE414 /* Sources */ = {
			isa = PBXSourcesBuildPhase;
			buildActionMask = 2147483647;
			files = (
				52921D351C4C297D004054DF /* AddRestaurantController.swift in Sources */,
				52921D271C4BE64D004054DF /* Restaurant.swift in Sources */,
				52649EAB1C4BAFCA009FE414 /* RestaurantTableViewController.swift in Sources */,
				52921D2D1C4C0F01004054DF /* ReviewViewController.swift in Sources */,
				52649EAD1C4BB64E009FE414 /* RestaurantTableViewCell.swift in Sources */,
				52921D3A1C4D5B82004054DF /* WalkthroughContentViewController.swift in Sources */,
				52921D3C1C4D5D72004054DF /* WalkthroughPageViewController.swift in Sources */,
				52921D381C4C3D1A004054DF /* FoodPin.xcdatamodeld in Sources */,
				52921D291C4BF4AD004054DF /* RestaurantDetailTableViewCell.swift in Sources */,
				52921D251C4BE0DB004054DF /* RestaurantDetailViewController.swift in Sources */,
				52649E991C4BAF1F009FE414 /* AppDelegate.swift in Sources */,
				52921D331C4C1CE9004054DF /* MapViewController.swift in Sources */,
			);
			runOnlyForDeploymentPostprocessing = 0;
		};
/* End PBXSourcesBuildPhase section */

/* Begin PBXVariantGroup section */
		52649E9C1C4BAF1F009FE414 /* Main.storyboard */ = {
			isa = PBXVariantGroup;
			children = (
				52649E9D1C4BAF1F009FE414 /* Base */,
			);
			name = Main.storyboard;
			sourceTree = "<group>";
		};
		52649EA11C4BAF1F009FE414 /* LaunchScreen.storyboard */ = {
			isa = PBXVariantGroup;
			children = (
				52649EA21C4BAF1F009FE414 /* Base */,
			);
			name = LaunchScreen.storyboard;
			sourceTree = "<group>";
		};
/* End PBXVariantGroup section */

/* Begin XCBuildConfiguration section */
		52649EA51C4BAF1F009FE414 /* Debug */ = {
			isa = XCBuildConfiguration;
			buildSettings = {
				ALWAYS_SEARCH_USER_PATHS = NO;
				CLANG_CXX_LANGUAGE_STANDARD = "gnu++0x";
				CLANG_CXX_LIBRARY = "libc++";
				CLANG_ENABLE_MODULES = YES;
				CLANG_ENABLE_OBJC_ARC = YES;
				CLANG_WARN_BOOL_CONVERSION = YES;
				CLANG_WARN_CONSTANT_CONVERSION = YES;
				CLANG_WARN_DIRECT_OBJC_ISA_USAGE = YES_ERROR;
				CLANG_WARN_EMPTY_BODY = YES;
				CLANG_WARN_ENUM_CONVERSION = YES;
				CLANG_WARN_INT_CONVERSION = YES;
				CLANG_WARN_OBJC_ROOT_CLASS = YES_ERROR;
				CLANG_WARN_UNREACHABLE_CODE = YES;
				CLANG_WARN__DUPLICATE_METHOD_MATCH = YES;
				"CODE_SIGN_IDENTITY[sdk=iphoneos*]" = "iPhone Developer";
				COPY_PHASE_STRIP = NO;
				DEBUG_INFORMATION_FORMAT = dwarf;
				ENABLE_STRICT_OBJC_MSGSEND = YES;
				ENABLE_TESTABILITY = YES;
				GCC_C_LANGUAGE_STANDARD = gnu99;
				GCC_DYNAMIC_NO_PIC = NO;
				GCC_NO_COMMON_BLOCKS = YES;
				GCC_OPTIMIZATION_LEVEL = 0;
				GCC_PREPROCESSOR_DEFINITIONS = (
					"DEBUG=1",
					"$(inherited)",
				);
				GCC_WARN_64_TO_32_BIT_CONVERSION = YES;
				GCC_WARN_ABOUT_RETURN_TYPE = YES_ERROR;
				GCC_WARN_UNDECLARED_SELECTOR = YES;
				GCC_WARN_UNINITIALIZED_AUTOS = YES_AGGRESSIVE;
				GCC_WARN_UNUSED_FUNCTION = YES;
				GCC_WARN_UNUSED_VARIABLE = YES;
				IPHONEOS_DEPLOYMENT_TARGET = 9.2;
				MTL_ENABLE_DEBUG_INFO = YES;
				ONLY_ACTIVE_ARCH = YES;
				SDKROOT = iphoneos;
				SWIFT_OPTIMIZATION_LEVEL = "-Onone";
			};
			name = Debug;
		};
		52649EA61C4BAF1F009FE414 /* Release */ = {
			isa = XCBuildConfiguration;
			buildSettings = {
				ALWAYS_SEARCH_USER_PATHS = NO;
				CLANG_CXX_LANGUAGE_STANDARD = "gnu++0x";
				CLANG_CXX_LIBRARY = "libc++";
				CLANG_ENABLE_MODULES = YES;
				CLANG_ENABLE_OBJC_ARC = YES;
				CLANG_WARN_BOOL_CONVERSION = YES;
				CLANG_WARN_CONSTANT_CONVERSION = YES;
				CLANG_WARN_DIRECT_OBJC_ISA_USAGE = YES_ERROR;
				CLANG_WARN_EMPTY_BODY = YES;
				CLANG_WARN_ENUM_CONVERSION = YES;
				CLANG_WARN_INT_CONVERSION = YES;
				CLANG_WARN_OBJC_ROOT_CLASS = YES_ERROR;
				CLANG_WARN_UNREACHABLE_CODE = YES;
				CLANG_WARN__DUPLICATE_METHOD_MATCH = YES;
				"CODE_SIGN_IDENTITY[sdk=iphoneos*]" = "iPhone Developer";
				COPY_PHASE_STRIP = NO;
				DEBUG_INFORMATION_FORMAT = "dwarf-with-dsym";
				ENABLE_NS_ASSERTIONS = NO;
				ENABLE_STRICT_OBJC_MSGSEND = YES;
				GCC_C_LANGUAGE_STANDARD = gnu99;
				GCC_NO_COMMON_BLOCKS = YES;
				GCC_WARN_64_TO_32_BIT_CONVERSION = YES;
				GCC_WARN_ABOUT_RETURN_TYPE = YES_ERROR;
				GCC_WARN_UNDECLARED_SELECTOR = YES;
				GCC_WARN_UNINITIALIZED_AUTOS = YES_AGGRESSIVE;
				GCC_WARN_UNUSED_FUNCTION = YES;
				GCC_WARN_UNUSED_VARIABLE = YES;
				IPHONEOS_DEPLOYMENT_TARGET = 9.2;
				MTL_ENABLE_DEBUG_INFO = NO;
				SDKROOT = iphoneos;
				VALIDATE_PRODUCT = YES;
			};
			name = Release;
		};
		52649EA81C4BAF1F009FE414 /* Debug */ = {
			isa = XCBuildConfiguration;
			buildSettings = {
				ASSETCATALOG_COMPILER_APPICON_NAME = AppIcon;
				INFOPLIST_FILE = FoodPin/Info.plist;
				LD_RUNPATH_SEARCH_PATHS = "$(inherited) @executable_path/Frameworks";
				PRODUCT_BUNDLE_IDENTIFIER = diogopainho.coding.FoodPin;
				PRODUCT_NAME = "$(TARGET_NAME)";
			};
			name = Debug;
		};
		52649EA91C4BAF1F009FE414 /* Release */ = {
			isa = XCBuildConfiguration;
			buildSettings = {
				ASSETCATALOG_COMPILER_APPICON_NAME = AppIcon;
				INFOPLIST_FILE = FoodPin/Info.plist;
				LD_RUNPATH_SEARCH_PATHS = "$(inherited) @executable_path/Frameworks";
				PRODUCT_BUNDLE_IDENTIFIER = diogopainho.coding.FoodPin;
				PRODUCT_NAME = "$(TARGET_NAME)";
			};
			name = Release;
		};
/* End XCBuildConfiguration section */

/* Begin XCConfigurationList section */
		52649E901C4BAF1F009FE414 /* Build configuration list for PBXProject "FoodPin" */ = {
			isa = XCConfigurationList;
			buildConfigurations = (
				52649EA51C4BAF1F009FE414 /* Debug */,
				52649EA61C4BAF1F009FE414 /* Release */,
			);
			defaultConfigurationIsVisible = 0;
			defaultConfigurationName = Release;
		};
		52649EA71C4BAF1F009FE414 /* Build configuration list for PBXNativeTarget "FoodPin" */ = {
			isa = XCConfigurationList;
			buildConfigurations = (
				52649EA81C4BAF1F009FE414 /* Debug */,
				52649EA91C4BAF1F009FE414 /* Release */,
			);
			defaultConfigurationIsVisible = 0;
			defaultConfigurationName = Release;
		};
/* End XCConfigurationList section */

/* Begin XCVersionGroup section */
		52921D361C4C3D1A004054DF /* FoodPin.xcdatamodeld */ = {
			isa = XCVersionGroup;
			children = (
				52921D371C4C3D1A004054DF /* FoodPin.xcdatamodel */,
			);
			currentVersion = 52921D371C4C3D1A004054DF /* FoodPin.xcdatamodel */;
			path = FoodPin.xcdatamodeld;
			sourceTree = "<group>";
			versionGroupType = wrapper.xcdatamodel;
		};
/* End XCVersionGroup section */
	};
	rootObject = 52649E8D1C4BAF1F009FE414 /* Project object */;
}
